
Microsoft Visual Studio Solution File, Format Version 12.00
# Visual Studio 15
VisualStudioVersion = 15.0.28307.645
MinimumVisualStudioVersion = 10.0.40219.1
Project("{FAE04EC0-301F-11D3-BF4B-00C04F79EFBC}") = "QuanLyGaraXe", "QuanLyGaraXe\QuanLyGaraXe.csproj", "{BE427AB0-7CDE-49E0-8D1C-114C7E5AD7D4}"
EndProject
Global
	GlobalSection(SolutionConfigurationPlatforms) = preSolution
		Debug|Any CPU = Debug|Any CPU
		Release|Any CPU = Release|Any CPU
	EndGlobalSection
	GlobalSection(ProjectConfigurationPlatforms) = postSolution
		{BE427AB0-7CDE-49E0-8D1C-114C7E5AD7D4}.Debug|Any CPU.ActiveCfg = Debug|Any CPU
		{BE427AB0-7CDE-49E0-8D1C-114C7E5AD7D4}.Debug|Any CPU.Build.0 = Debug|Any CPU
		{BE427AB0-7CDE-49E0-8D1C-114C7E5AD7D4}.Release|Any CPU.ActiveCfg = Release|Any CPU
		{BE427AB0-7CDE-49E0-8D1C-114C7E5AD7D4}.Release|Any CPU.Build.0 = Release|Any CPU
	EndGlobalSection
	GlobalSection(SolutionProperties) = preSolution
		HideSolutionNode = FALSE
	EndGlobalSection
	GlobalSection(ExtensibilityGlobals) = postSolution
		SolutionGuid = {C15D390E-87FA-49A6-8A70-BF828AB14193}
	EndGlobalSection
EndGlobal
